
Microsoft Visual Studio Solution File, Format Version 12.00
# Visual Studio Version 16
VisualStudioVersion = 16.0.31702.278
MinimumVisualStudioVersion = 10.0.40219.1
Project("{FAE04EC0-301F-11D3-BF4B-00C04F79EFBC}") = "lesson13", "lesson13\lesson13.csproj", "{AF3C3111-9ADA-43D8-99BD-887B65F8B252}"
EndProject
Project("{FAE04EC0-301F-11D3-BF4B-00C04F79EFBC}") = "Building", "Building\Building.csproj", "{431A1D22-CF46-4C24-9AD7-11784F59CD6C}"
EndProject
Global
	GlobalSection(SolutionConfigurationPlatforms) = preSolution
		Debug|Any CPU = Debug|Any CPU
		Release|Any CPU = Release|Any CPU
	EndGlobalSection
	GlobalSection(ProjectConfigurationPlatforms) = postSolution
		{AF3C3111-9ADA-43D8-99BD-887B65F8B252}.Debug|Any CPU.ActiveCfg = Debug|Any CPU
		{AF3C3111-9ADA-43D8-99BD-887B65F8B252}.Debug|Any CPU.Build.0 = Debug|Any CPU
		{AF3C3111-9ADA-43D8-99BD-887B65F8B252}.Release|Any CPU.ActiveCfg = Release|Any CPU
		{AF3C3111-9ADA-43D8-99BD-887B65F8B252}.Release|Any CPU.Build.0 = Release|Any CPU
		{431A1D22-CF46-4C24-9AD7-11784F59CD6C}.Debug|Any CPU.ActiveCfg = Debug|Any CPU
		{431A1D22-CF46-4C24-9AD7-11784F59CD6C}.Debug|Any CPU.Build.0 = Debug|Any CPU
		{431A1D22-CF46-4C24-9AD7-11784F59CD6C}.Release|Any CPU.ActiveCfg = Release|Any CPU
		{431A1D22-CF46-4C24-9AD7-11784F59CD6C}.Release|Any CPU.Build.0 = Release|Any CPU
	EndGlobalSection
	GlobalSection(SolutionProperties) = preSolution
		HideSolutionNode = FALSE
	EndGlobalSection
	GlobalSection(ExtensibilityGlobals) = postSolution
		SolutionGuid = {5E8F727D-0668-4A57-830C-2B717442B2C1}
	EndGlobalSection
EndGlobal
